
Microsoft Visual Studio Solution File, Format Version 12.00
# Visual Studio 15
VisualStudioVersion = 15.0.28307.168
MinimumVisualStudioVersion = 10.0.40219.1
Project("{FAE04EC0-301F-11D3-BF4B-00C04F79EFBC}") = "LWDInfoSystem", "LWDInfoSystem\LWDInfoSystem.csproj", "{72A28306-187B-403D-9124-5E837165D467}"
EndProject
Global
	GlobalSection(SolutionConfigurationPlatforms) = preSolution
		Debug|Any CPU = Debug|Any CPU
		Release|Any CPU = Release|Any CPU
	EndGlobalSection
	GlobalSection(ProjectConfigurationPlatforms) = postSolution
		{72A28306-187B-403D-9124-5E837165D467}.Debug|Any CPU.ActiveCfg = Debug|Any CPU
		{72A28306-187B-403D-9124-5E837165D467}.Debug|Any CPU.Build.0 = Debug|Any CPU
		{72A28306-187B-403D-9124-5E837165D467}.Release|Any CPU.ActiveCfg = Release|Any CPU
		{72A28306-187B-403D-9124-5E837165D467}.Release|Any CPU.Build.0 = Release|Any CPU
	EndGlobalSection
	GlobalSection(SolutionProperties) = preSolution
		HideSolutionNode = FALSE
	EndGlobalSection
	GlobalSection(ExtensibilityGlobals) = postSolution
		SolutionGuid = {E3440654-491D-41AD-99F1-501D2B4D08D4}
	EndGlobalSection
EndGlobal
